
Microsoft Visual Studio Solution File, Format Version 12.00
# Visual Studio Version 16
VisualStudioVersion = 16.0.31112.23
MinimumVisualStudioVersion = 10.0.40219.1
Project("{9A19103F-16F7-4668-BE54-9A1E7A4F7556}") = "FidelidadeApp", "FidelidadeApp\FidelidadeApp.csproj", "{3ACD2A44-CE28-4B88-B600-7AD197869A6C}"
EndProject
Project("{9A19103F-16F7-4668-BE54-9A1E7A4F7556}") = "FidelidadeApp.Data", "FidelidadeApp.Data\FidelidadeApp.Data.csproj", "{830AD9AD-642C-477B-B90F-9112F029F45F}"
EndProject
Project("{9A19103F-16F7-4668-BE54-9A1E7A4F7556}") = "FidelidadeApp.Core", "FidelidadeApp.Core\FidelidadeApp.Core.csproj", "{4227D920-4BB4-4456-A09D-B6E5324B7833}"
EndProject
Project("{9A19103F-16F7-4668-BE54-9A1E7A4F7556}") = "FidelidadeApp.Domain", "FidelidadeApp.Domain\FidelidadeApp.Domain.csproj", "{801D6CD6-1781-4019-B5AC-6D5642EB621A}"
EndProject
Project("{FAE04EC0-301F-11D3-BF4B-00C04F79EFBC}") = "FidelidadeApp.Infrastructure", "FidelidadeApp.Infrastructure\FidelidadeApp.Infrastructure.csproj", "{E4FBE552-901A-4052-8BCA-DC88F67E809F}"
EndProject
Global
	GlobalSection(SolutionConfigurationPlatforms) = preSolution
		Debug|Any CPU = Debug|Any CPU
		Release|Any CPU = Release|Any CPU
	EndGlobalSection
	GlobalSection(ProjectConfigurationPlatforms) = postSolution
		{3ACD2A44-CE28-4B88-B600-7AD197869A6C}.Debug|Any CPU.ActiveCfg = Debug|Any CPU
		{3ACD2A44-CE28-4B88-B600-7AD197869A6C}.Debug|Any CPU.Build.0 = Debug|Any CPU
		{3ACD2A44-CE28-4B88-B600-7AD197869A6C}.Release|Any CPU.ActiveCfg = Release|Any CPU
		{3ACD2A44-CE28-4B88-B600-7AD197869A6C}.Release|Any CPU.Build.0 = Release|Any CPU
		{830AD9AD-642C-477B-B90F-9112F029F45F}.Debug|Any CPU.ActiveCfg = Debug|Any CPU
		{830AD9AD-642C-477B-B90F-9112F029F45F}.Debug|Any CPU.Build.0 = Debug|Any CPU
		{830AD9AD-642C-477B-B90F-9112F029F45F}.Release|Any CPU.ActiveCfg = Release|Any CPU
		{830AD9AD-642C-477B-B90F-9112F029F45F}.Release|Any CPU.Build.0 = Release|Any CPU
		{4227D920-4BB4-4456-A09D-B6E5324B7833}.Debug|Any CPU.ActiveCfg = Debug|Any CPU
		{4227D920-4BB4-4456-A09D-B6E5324B7833}.Debug|Any CPU.Build.0 = Debug|Any CPU
		{4227D920-4BB4-4456-A09D-B6E5324B7833}.Release|Any CPU.ActiveCfg = Release|Any CPU
		{4227D920-4BB4-4456-A09D-B6E5324B7833}.Release|Any CPU.Build.0 = Release|Any CPU
		{801D6CD6-1781-4019-B5AC-6D5642EB621A}.Debug|Any CPU.ActiveCfg = Debug|Any CPU
		{801D6CD6-1781-4019-B5AC-6D5642EB621A}.Debug|Any CPU.Build.0 = Debug|Any CPU
		{801D6CD6-1781-4019-B5AC-6D5642EB621A}.Release|Any CPU.ActiveCfg = Release|Any CPU
		{801D6CD6-1781-4019-B5AC-6D5642EB621A}.Release|Any CPU.Build.0 = Release|Any CPU
		{E4FBE552-901A-4052-8BCA-DC88F67E809F}.Debug|Any CPU.ActiveCfg = Debug|Any CPU
		{E4FBE552-901A-4052-8BCA-DC88F67E809F}.Debug|Any CPU.Build.0 = Debug|Any CPU
		{E4FBE552-901A-4052-8BCA-DC88F67E809F}.Release|Any CPU.ActiveCfg = Release|Any CPU
		{E4FBE552-901A-4052-8BCA-DC88F67E809F}.Release|Any CPU.Build.0 = Release|Any CPU
	EndGlobalSection
	GlobalSection(SolutionProperties) = preSolution
		HideSolutionNode = FALSE
	EndGlobalSection
	GlobalSection(ExtensibilityGlobals) = postSolution
		SolutionGuid = {C3E2FCAD-A79C-44FF-8708-11E21FEAE8DA}
	EndGlobalSection
EndGlobal
